{
  "requires": true,
  "lockfileVersion": 1,
  "dependencies": {
    "typed-we-app": {
      "version": "1.7.0-update.9",
      "resolved": "https://registry.npmjs.org/typed-we-app/-/typed-we-app-1.7.0-update.9.tgz",
      "integrity": "sha512-cqU9KUv1ItnU2UdzprP7tUfvrPOtFrgbcDdzjDVRILngKul/qbVBOLdH8rJqkMif5UJTnhzSN9AoptDwbGnnmg==",
      "dev": true
    }
  }
}
